
Microsoft Visual Studio Solution File, Format Version 12.00
# Visual Studio Version 17
VisualStudioVersion = 17.0.31903.59
MinimumVisualStudioVersion = 10.0.40219.1
Project("{2150E333-8FDC-42A3-9474-1A3956D46DE8}") = "src", "src", "{827E0CD3-B72D-47B6-A68D-7590B98EB39B}"
EndProject
Project("{FAE04EC0-301F-11D3-BF4B-00C04F79EFBC}") = "Liturgy.Domain", "src\Liturgy.Domain\Liturgy.Domain.csproj", "{ABAB3D7F-6AB7-4A5F-898A-6C0AEEA2C928}"
EndProject
Project("{FAE04EC0-301F-11D3-BF4B-00C04F79EFBC}") = "Liturgy.Application", "src\Liturgy.Application\Liturgy.Application.csproj", "{B907DE33-6CCC-4C24-85D4-3BBCC95FF51B}"
EndProject
Project("{FAE04EC0-301F-11D3-BF4B-00C04F79EFBC}") = "Liturgy.Infrastructure", "src\Liturgy.Infrastructure\Liturgy.Infrastructure.csproj", "{27FC2016-20FF-408E-B172-E318086E14C7}"
EndProject
Project("{FAE04EC0-301F-11D3-BF4B-00C04F79EFBC}") = "Liturgy.Api", "src\Liturgy.Api\Liturgy.Api.csproj", "{A8DB8A5F-CC41-4801-BD9B-7BFC9028FAB2}"
EndProject
Project("{2150E333-8FDC-42A3-9474-1A3956D46DE8}") = "tests", "tests", "{0AB3BF05-4346-4AA6-1389-037BE0695223}"
EndProject
Project("{FAE04EC0-301F-11D3-BF4B-00C04F79EFBC}") = "Liturgy.UnitTests", "tests\Liturgy.UnitTests\Liturgy.UnitTests.csproj", "{22B07E3C-102E-4195-8576-3758E39AE361}"
EndProject
Project("{FAE04EC0-301F-11D3-BF4B-00C04F79EFBC}") = "Liturgy.IntegrationTests", "tests\Liturgy.IntegrationTests\Liturgy.IntegrationTests.csproj", "{43996F34-5847-42F9-9C4A-B2DBAE1F8EAC}"
EndProject
Global
	GlobalSection(SolutionConfigurationPlatforms) = preSolution
		Debug|Any CPU = Debug|Any CPU
		Debug|x64 = Debug|x64
		Debug|x86 = Debug|x86
		Release|Any CPU = Release|Any CPU
		Release|x64 = Release|x64
		Release|x86 = Release|x86
	EndGlobalSection
	GlobalSection(ProjectConfigurationPlatforms) = postSolution
		{ABAB3D7F-6AB7-4A5F-898A-6C0AEEA2C928}.Debug|Any CPU.ActiveCfg = Debug|Any CPU
		{ABAB3D7F-6AB7-4A5F-898A-6C0AEEA2C928}.Debug|Any CPU.Build.0 = Debug|Any CPU
		{ABAB3D7F-6AB7-4A5F-898A-6C0AEEA2C928}.Debug|x64.ActiveCfg = Debug|Any CPU
		{ABAB3D7F-6AB7-4A5F-898A-6C0AEEA2C928}.Debug|x64.Build.0 = Debug|Any CPU
		{ABAB3D7F-6AB7-4A5F-898A-6C0AEEA2C928}.Debug|x86.ActiveCfg = Debug|Any CPU
		{ABAB3D7F-6AB7-4A5F-898A-6C0AEEA2C928}.Debug|x86.Build.0 = Debug|Any CPU
		{ABAB3D7F-6AB7-4A5F-898A-6C0AEEA2C928}.Release|Any CPU.ActiveCfg = Release|Any CPU
		{ABAB3D7F-6AB7-4A5F-898A-6C0AEEA2C928}.Release|Any CPU.Build.0 = Release|Any CPU
		{ABAB3D7F-6AB7-4A5F-898A-6C0AEEA2C928}.Release|x64.ActiveCfg = Release|Any CPU
		{ABAB3D7F-6AB7-4A5F-898A-6C0AEEA2C928}.Release|x64.Build.0 = Release|Any CPU
		{ABAB3D7F-6AB7-4A5F-898A-6C0AEEA2C928}.Release|x86.ActiveCfg = Release|Any CPU
		{ABAB3D7F-6AB7-4A5F-898A-6C0AEEA2C928}.Release|x86.Build.0 = Release|Any CPU
		{B907DE33-6CCC-4C24-85D4-3BBCC95FF51B}.Debug|Any CPU.ActiveCfg = Debug|Any CPU
		{B907DE33-6CCC-4C24-85D4-3BBCC95FF51B}.Debug|Any CPU.Build.0 = Debug|Any CPU
		{B907DE33-6CCC-4C24-85D4-3BBCC95FF51B}.Debug|x64.ActiveCfg = Debug|Any CPU
		{B907DE33-6CCC-4C24-85D4-3BBCC95FF51B}.Debug|x64.Build.0 = Debug|Any CPU
		{B907DE33-6CCC-4C24-85D4-3BBCC95FF51B}.Debug|x86.ActiveCfg = Debug|Any CPU
		{B907DE33-6CCC-4C24-85D4-3BBCC95FF51B}.Debug|x86.Build.0 = Debug|Any CPU
		{B907DE33-6CCC-4C24-85D4-3BBCC95FF51B}.Release|Any CPU.ActiveCfg = Release|Any CPU
		{B907DE33-6CCC-4C24-85D4-3BBCC95FF51B}.Release|Any CPU.Build.0 = Release|Any CPU
		{B907DE33-6CCC-4C24-85D4-3BBCC95FF51B}.Release|x64.ActiveCfg = Release|Any CPU
		{B907DE33-6CCC-4C24-85D4-3BBCC95FF51B}.Release|x64.Build.0 = Release|Any CPU
		{B907DE33-6CCC-4C24-85D4-3BBCC95FF51B}.Release|x86.ActiveCfg = Release|Any CPU
		{B907DE33-6CCC-4C24-85D4-3BBCC95FF51B}.Release|x86.Build.0 = Release|Any CPU
		{27FC2016-20FF-408E-B172-E318086E14C7}.Debug|Any CPU.ActiveCfg = Debug|Any CPU
		{27FC2016-20FF-408E-B172-E318086E14C7}.Debug|Any CPU.Build.0 = Debug|Any CPU
		{27FC2016-20FF-408E-B172-E318086E14C7}.Debug|x64.ActiveCfg = Debug|Any CPU
		{27FC2016-20FF-408E-B172-E318086E14C7}.Debug|x64.Build.0 = Debug|Any CPU
		{27FC2016-20FF-408E-B172-E318086E14C7}.Debug|x86.ActiveCfg = Debug|Any CPU
		{27FC2016-20FF-408E-B172-E318086E14C7}.Debug|x86.Build.0 = Debug|Any CPU
		{27FC2016-20FF-408E-B172-E318086E14C7}.Release|Any CPU.ActiveCfg = Release|Any CPU
		{27FC2016-20FF-408E-B172-E318086E14C7}.Release|Any CPU.Build.0 = Release|Any CPU
		{27FC2016-20FF-408E-B172-E318086E14C7}.Release|x64.ActiveCfg = Release|Any CPU
		{27FC2016-20FF-408E-B172-E318086E14C7}.Release|x64.Build.0 = Release|Any CPU
		{27FC2016-20FF-408E-B172-E318086E14C7}.Release|x86.ActiveCfg = Release|Any CPU
		{27FC2016-20FF-408E-B172-E318086E14C7}.Release|x86.Build.0 = Release|Any CPU
		{A8DB8A5F-CC41-4801-BD9B-7BFC9028FAB2}.Debug|Any CPU.ActiveCfg = Debug|Any CPU
		{A8DB8A5F-CC41-4801-BD9B-7BFC9028FAB2}.Debug|Any CPU.Build.0 = Debug|Any CPU
		{A8DB8A5F-CC41-4801-BD9B-7BFC9028FAB2}.Debug|x64.ActiveCfg = Debug|Any CPU
		{A8DB8A5F-CC41-4801-BD9B-7BFC9028FAB2}.Debug|x64.Build.0 = Debug|Any CPU
		{A8DB8A5F-CC41-4801-BD9B-7BFC9028FAB2}.Debug|x86.ActiveCfg = Debug|Any CPU
		{A8DB8A5F-CC41-4801-BD9B-7BFC9028FAB2}.Debug|x86.Build.0 = Debug|Any CPU
		{A8DB8A5F-CC41-4801-BD9B-7BFC9028FAB2}.Release|Any CPU.ActiveCfg = Release|Any CPU
		{A8DB8A5F-CC41-4801-BD9B-7BFC9028FAB2}.Release|Any CPU.Build.0 = Release|Any CPU
		{A8DB8A5F-CC41-4801-BD9B-7BFC9028FAB2}.Release|x64.ActiveCfg = Release|Any CPU
		{A8DB8A5F-CC41-4801-BD9B-7BFC9028FAB2}.Release|x64.Build.0 = Release|Any CPU
		{A8DB8A5F-CC41-4801-BD9B-7BFC9028FAB2}.Release|x86.ActiveCfg = Release|Any CPU
		{A8DB8A5F-CC41-4801-BD9B-7BFC9028FAB2}.Release|x86.Build.0 = Release|Any CPU
		{22B07E3C-102E-4195-8576-3758E39AE361}.Debug|Any CPU.ActiveCfg = Debug|Any CPU
		{22B07E3C-102E-4195-8576-3758E39AE361}.Debug|Any CPU.Build.0 = Debug|Any CPU
		{22B07E3C-102E-4195-8576-3758E39AE361}.Debug|x64.ActiveCfg = Debug|Any CPU
		{22B07E3C-102E-4195-8576-3758E39AE361}.Debug|x64.Build.0 = Debug|Any CPU
		{22B07E3C-102E-4195-8576-3758E39AE361}.Debug|x86.ActiveCfg = Debug|Any CPU
		{22B07E3C-102E-4195-8576-3758E39AE361}.Debug|x86.Build.0 = Debug|Any CPU
		{22B07E3C-102E-4195-8576-3758E39AE361}.Release|Any CPU.ActiveCfg = Release|Any CPU
		{22B07E3C-102E-4195-8576-3758E39AE361}.Release|Any CPU.Build.0 = Release|Any CPU
		{22B07E3C-102E-4195-8576-3758E39AE361}.Release|x64.ActiveCfg = Release|Any CPU
		{22B07E3C-102E-4195-8576-3758E39AE361}.Release|x64.Build.0 = Release|Any CPU
		{22B07E3C-102E-4195-8576-3758E39AE361}.Release|x86.ActiveCfg = Release|Any CPU
		{22B07E3C-102E-4195-8576-3758E39AE361}.Release|x86.Build.0 = Release|Any CPU
		{43996F34-5847-42F9-9C4A-B2DBAE1F8EAC}.Debug|Any CPU.ActiveCfg = Debug|Any CPU
		{43996F34-5847-42F9-9C4A-B2DBAE1F8EAC}.Debug|Any CPU.Build.0 = Debug|Any CPU
		{43996F34-5847-42F9-9C4A-B2DBAE1F8EAC}.Debug|x64.ActiveCfg = Debug|Any CPU
		{43996F34-5847-42F9-9C4A-B2DBAE1F8EAC}.Debug|x64.Build.0 = Debug|Any CPU
		{43996F34-5847-42F9-9C4A-B2DBAE1F8EAC}.Debug|x86.ActiveCfg = Debug|Any CPU
		{43996F34-5847-42F9-9C4A-B2DBAE1F8EAC}.Debug|x86.Build.0 = Debug|Any CPU
		{43996F34-5847-42F9-9C4A-B2DBAE1F8EAC}.Release|Any CPU.ActiveCfg = Release|Any CPU
		{43996F34-5847-42F9-9C4A-B2DBAE1F8EAC}.Release|Any CPU.Build.0 = Release|Any CPU
		{43996F34-5847-42F9-9C4A-B2DBAE1F8EAC}.Release|x64.ActiveCfg = Release|Any CPU
		{43996F34-5847-42F9-9C4A-B2DBAE1F8EAC}.Release|x64.Build.0 = Release|Any CPU
		{43996F34-5847-42F9-9C4A-B2DBAE1F8EAC}.Release|x86.ActiveCfg = Release|Any CPU
		{43996F34-5847-42F9-9C4A-B2DBAE1F8EAC}.Release|x86.Build.0 = Release|Any CPU
	EndGlobalSection
	GlobalSection(SolutionProperties) = preSolution
		HideSolutionNode = FALSE
	EndGlobalSection
	GlobalSection(NestedProjects) = preSolution
		{ABAB3D7F-6AB7-4A5F-898A-6C0AEEA2C928} = {827E0CD3-B72D-47B6-A68D-7590B98EB39B}
		{B907DE33-6CCC-4C24-85D4-3BBCC95FF51B} = {827E0CD3-B72D-47B6-A68D-7590B98EB39B}
		{27FC2016-20FF-408E-B172-E318086E14C7} = {827E0CD3-B72D-47B6-A68D-7590B98EB39B}
		{A8DB8A5F-CC41-4801-BD9B-7BFC9028FAB2} = {827E0CD3-B72D-47B6-A68D-7590B98EB39B}
		{22B07E3C-102E-4195-8576-3758E39AE361} = {0AB3BF05-4346-4AA6-1389-037BE0695223}
		{43996F34-5847-42F9-9C4A-B2DBAE1F8EAC} = {0AB3BF05-4346-4AA6-1389-037BE0695223}
	EndGlobalSection
EndGlobal
